
Microsoft Visual Studio Solution File, Format Version 12.00
# Visual Studio Version 17
VisualStudioVersion = 17.9.34902.65
MinimumVisualStudioVersion = 10.0.40219.1
Project("{F2A71F9B-5D33-465A-A702-920D77279786}") = "Edt-Kontrol", "Edt-Kontrol\Edt-Kontrol.fsproj", "{F69C3A81-C941-4971-B22C-1E667F57D5CA}"
EndProject
Project("{9A19103F-16F7-4668-BE54-9A1E7A4F7556}") = "Edt-Kontrol.Midi", "Edt-Kontrol.Midi\Edt-Kontrol.Midi.csproj", "{BA635494-1DB6-4990-8696-0E2FA06BE23A}"
EndProject
Global
	GlobalSection(SolutionConfigurationPlatforms) = preSolution
		Debug|Any CPU = Debug|Any CPU
		Release|Any CPU = Release|Any CPU
	EndGlobalSection
	GlobalSection(ProjectConfigurationPlatforms) = postSolution
		{F69C3A81-C941-4971-B22C-1E667F57D5CA}.Debug|Any CPU.ActiveCfg = Debug|Any CPU
		{F69C3A81-C941-4971-B22C-1E667F57D5CA}.Debug|Any CPU.Build.0 = Debug|Any CPU
		{F69C3A81-C941-4971-B22C-1E667F57D5CA}.Release|Any CPU.ActiveCfg = Release|Any CPU
		{F69C3A81-C941-4971-B22C-1E667F57D5CA}.Release|Any CPU.Build.0 = Release|Any CPU
		{BA635494-1DB6-4990-8696-0E2FA06BE23A}.Debug|Any CPU.ActiveCfg = Debug|Any CPU
		{BA635494-1DB6-4990-8696-0E2FA06BE23A}.Debug|Any CPU.Build.0 = Debug|Any CPU
		{BA635494-1DB6-4990-8696-0E2FA06BE23A}.Release|Any CPU.ActiveCfg = Release|Any CPU
		{BA635494-1DB6-4990-8696-0E2FA06BE23A}.Release|Any CPU.Build.0 = Release|Any CPU
	EndGlobalSection
	GlobalSection(SolutionProperties) = preSolution
		HideSolutionNode = FALSE
	EndGlobalSection
	GlobalSection(ExtensibilityGlobals) = postSolution
		SolutionGuid = {F1DA90C2-C374-48E6-9DCA-A2A85934FB44}
	EndGlobalSection
EndGlobal
