
Microsoft Visual Studio Solution File, Format Version 12.00
# Visual Studio Version 17
VisualStudioVersion = 17.9.34902.65
MinimumVisualStudioVersion = 10.0.40219.1
Project("{FAE04EC0-301F-11D3-BF4B-00C04F79EFBC}") = "Edt-Spedtometer", "Edt-Spedtometer\Edt-Spedtometer.csproj", "{77F93927-5098-48E1-A674-E2C8EB0E0708}"
EndProject
Global
	GlobalSection(SolutionConfigurationPlatforms) = preSolution
		Debug|Any CPU = Debug|Any CPU
		Release|Any CPU = Release|Any CPU
	EndGlobalSection
	GlobalSection(ProjectConfigurationPlatforms) = postSolution
		{77F93927-5098-48E1-A674-E2C8EB0E0708}.Debug|Any CPU.ActiveCfg = Debug|Any CPU
		{77F93927-5098-48E1-A674-E2C8EB0E0708}.Debug|Any CPU.Build.0 = Debug|Any CPU
		{77F93927-5098-48E1-A674-E2C8EB0E0708}.Release|Any CPU.ActiveCfg = Release|Any CPU
		{77F93927-5098-48E1-A674-E2C8EB0E0708}.Release|Any CPU.Build.0 = Release|Any CPU
	EndGlobalSection
	GlobalSection(SolutionProperties) = preSolution
		HideSolutionNode = FALSE
	EndGlobalSection
	GlobalSection(ExtensibilityGlobals) = postSolution
		SolutionGuid = {DC096A2B-1D86-446A-85BA-9AAACBE91A3D}
	EndGlobalSection
EndGlobal
