
Microsoft Visual Studio Solution File, Format Version 12.00
# Visual Studio Version 17
VisualStudioVersion = 17.11.35312.102
MinimumVisualStudioVersion = 10.0.40219.1
Project("{9A19103F-16F7-4668-BE54-9A1E7A4F7556}") = "Edt-WebSockEDT", "Edt-WebSockEDT\Edt-WebSockEDT.csproj", "{C5D9A28E-DA88-49B8-B5EA-7D9E1E84DE75}"
EndProject
Project("{FAE04EC0-301F-11D3-BF4B-00C04F79EFBC}") = "Core.Midi", "Core.Midi\Core.Midi.csproj", "{9DE1ACF5-F564-45D9-B455-94164FAE06D6}"
EndProject
Project("{FAE04EC0-301F-11D3-BF4B-00C04F79EFBC}") = "Core", "Core\Core.csproj", "{6AA08166-FF85-450F-B512-C0084EF0DF87}"
EndProject
Project("{FAE04EC0-301F-11D3-BF4B-00C04F79EFBC}") = "Edt-SequEDTcer", "Edt-SequEDTcer\Edt-SequEDTcer.csproj", "{30F37B1F-40B2-4F55-8BC6-9CA7A49A982B}"
EndProject
Global
	GlobalSection(SolutionConfigurationPlatforms) = preSolution
		Debug|Any CPU = Debug|Any CPU
		Release|Any CPU = Release|Any CPU
	EndGlobalSection
	GlobalSection(ProjectConfigurationPlatforms) = postSolution
		{C5D9A28E-DA88-49B8-B5EA-7D9E1E84DE75}.Debug|Any CPU.ActiveCfg = Debug|Any CPU
		{C5D9A28E-DA88-49B8-B5EA-7D9E1E84DE75}.Debug|Any CPU.Build.0 = Debug|Any CPU
		{C5D9A28E-DA88-49B8-B5EA-7D9E1E84DE75}.Release|Any CPU.ActiveCfg = Release|Any CPU
		{C5D9A28E-DA88-49B8-B5EA-7D9E1E84DE75}.Release|Any CPU.Build.0 = Release|Any CPU
		{9DE1ACF5-F564-45D9-B455-94164FAE06D6}.Debug|Any CPU.ActiveCfg = Debug|Any CPU
		{9DE1ACF5-F564-45D9-B455-94164FAE06D6}.Debug|Any CPU.Build.0 = Debug|Any CPU
		{9DE1ACF5-F564-45D9-B455-94164FAE06D6}.Release|Any CPU.ActiveCfg = Release|Any CPU
		{9DE1ACF5-F564-45D9-B455-94164FAE06D6}.Release|Any CPU.Build.0 = Release|Any CPU
		{6AA08166-FF85-450F-B512-C0084EF0DF87}.Debug|Any CPU.ActiveCfg = Debug|Any CPU
		{6AA08166-FF85-450F-B512-C0084EF0DF87}.Debug|Any CPU.Build.0 = Debug|Any CPU
		{6AA08166-FF85-450F-B512-C0084EF0DF87}.Release|Any CPU.ActiveCfg = Release|Any CPU
		{6AA08166-FF85-450F-B512-C0084EF0DF87}.Release|Any CPU.Build.0 = Release|Any CPU
		{30F37B1F-40B2-4F55-8BC6-9CA7A49A982B}.Debug|Any CPU.ActiveCfg = Debug|Any CPU
		{30F37B1F-40B2-4F55-8BC6-9CA7A49A982B}.Debug|Any CPU.Build.0 = Debug|Any CPU
		{30F37B1F-40B2-4F55-8BC6-9CA7A49A982B}.Release|Any CPU.ActiveCfg = Release|Any CPU
		{30F37B1F-40B2-4F55-8BC6-9CA7A49A982B}.Release|Any CPU.Build.0 = Release|Any CPU
	EndGlobalSection
	GlobalSection(SolutionProperties) = preSolution
		HideSolutionNode = FALSE
	EndGlobalSection
	GlobalSection(ExtensibilityGlobals) = postSolution
		SolutionGuid = {D02FA4F5-4FF5-48E5-91B0-EE162CAAD485}
	EndGlobalSection
EndGlobal
